
Microsoft Visual Studio Solution File, Format Version 12.00
# Visual Studio 15
VisualStudioVersion = 15.0.28307.421
MinimumVisualStudioVersion = 10.0.40219.1
Project("{FAE04EC0-301F-11D3-BF4B-00C04F79EFBC}") = "Exercise1", "Exercise1\Exercise1.csproj", "{7DDB0C18-FB52-418B-8D06-DD4474E6F6FB}"
EndProject
Global
	GlobalSection(SolutionConfigurationPlatforms) = preSolution
		Debug|Any CPU = Debug|Any CPU
		Release|Any CPU = Release|Any CPU
	EndGlobalSection
	GlobalSection(ProjectConfigurationPlatforms) = postSolution
		{7DDB0C18-FB52-418B-8D06-DD4474E6F6FB}.Debug|Any CPU.ActiveCfg = Debug|Any CPU
		{7DDB0C18-FB52-418B-8D06-DD4474E6F6FB}.Debug|Any CPU.Build.0 = Debug|Any CPU
		{7DDB0C18-FB52-418B-8D06-DD4474E6F6FB}.Release|Any CPU.ActiveCfg = Release|Any CPU
		{7DDB0C18-FB52-418B-8D06-DD4474E6F6FB}.Release|Any CPU.Build.0 = Release|Any CPU
	EndGlobalSection
	GlobalSection(SolutionProperties) = preSolution
		HideSolutionNode = FALSE
	EndGlobalSection
	GlobalSection(ExtensibilityGlobals) = postSolution
		SolutionGuid = {D715168E-E26C-4F3B-8966-8ABD28F1314D}
	EndGlobalSection
EndGlobal
